
Microsoft Visual Studio Solution File, Format Version 12.00
# Visual Studio 14
VisualStudioVersion = 14.0.24720.0
MinimumVisualStudioVersion = 10.0.40219.1
Project("{FAE04EC0-301F-11D3-BF4B-00C04F79EFBC}") = "01.ActionPrint", "01.ActionPrint\01.ActionPrint.csproj", "{3BFDA8AB-BD08-4A32-8636-4C2158EC388B}"
EndProject
Project("{FAE04EC0-301F-11D3-BF4B-00C04F79EFBC}") = "03.CustomMinFunction", "03.CustomMinFunction\03.CustomMinFunction.csproj", "{20120C93-7F12-40DF-8798-8C1768C65110}"
EndProject
Project("{FAE04EC0-301F-11D3-BF4B-00C04F79EFBC}") = "04.FindEvensorOdds", "04.FindEvensorOdds\04.FindEvensorOdds.csproj", "{C9B18155-7150-4F8E-BE0B-6995B214AC6E}"
EndProject
Global
	GlobalSection(SolutionConfigurationPlatforms) = preSolution
		Debug|Any CPU = Debug|Any CPU
		Release|Any CPU = Release|Any CPU
	EndGlobalSection
	GlobalSection(ProjectConfigurationPlatforms) = postSolution
		{3BFDA8AB-BD08-4A32-8636-4C2158EC388B}.Debug|Any CPU.ActiveCfg = Debug|Any CPU
		{3BFDA8AB-BD08-4A32-8636-4C2158EC388B}.Debug|Any CPU.Build.0 = Debug|Any CPU
		{3BFDA8AB-BD08-4A32-8636-4C2158EC388B}.Release|Any CPU.ActiveCfg = Release|Any CPU
		{3BFDA8AB-BD08-4A32-8636-4C2158EC388B}.Release|Any CPU.Build.0 = Release|Any CPU
		{20120C93-7F12-40DF-8798-8C1768C65110}.Debug|Any CPU.ActiveCfg = Debug|Any CPU
		{20120C93-7F12-40DF-8798-8C1768C65110}.Debug|Any CPU.Build.0 = Debug|Any CPU
		{20120C93-7F12-40DF-8798-8C1768C65110}.Release|Any CPU.ActiveCfg = Release|Any CPU
		{20120C93-7F12-40DF-8798-8C1768C65110}.Release|Any CPU.Build.0 = Release|Any CPU
		{C9B18155-7150-4F8E-BE0B-6995B214AC6E}.Debug|Any CPU.ActiveCfg = Debug|Any CPU
		{C9B18155-7150-4F8E-BE0B-6995B214AC6E}.Debug|Any CPU.Build.0 = Debug|Any CPU
		{C9B18155-7150-4F8E-BE0B-6995B214AC6E}.Release|Any CPU.ActiveCfg = Release|Any CPU
		{C9B18155-7150-4F8E-BE0B-6995B214AC6E}.Release|Any CPU.Build.0 = Release|Any CPU
	EndGlobalSection
	GlobalSection(SolutionProperties) = preSolution
		HideSolutionNode = FALSE
	EndGlobalSection
EndGlobal
