
Microsoft Visual Studio Solution File, Format Version 12.00
# Visual Studio 2013
VisualStudioVersion = 12.0.31101.0
MinimumVisualStudioVersion = 10.0.40219.1
Project("{FAE04EC0-301F-11D3-BF4B-00C04F79EFBC}") = "01.BasicSetOperations", "01.BasicSetOperations\01.BasicSetOperations.csproj", "{2A467136-66E5-4F54-BE95-8519EF2C2D37}"
EndProject
Project("{FAE04EC0-301F-11D3-BF4B-00C04F79EFBC}") = "02.SetsOfElements", "02.SetsOfElements\02.SetsOfElements.csproj", "{E0B4C1C5-12D3-4A94-A63D-1022072D5AE9}"
EndProject
Project("{FAE04EC0-301F-11D3-BF4B-00C04F79EFBC}") = "03.PeriodicTable", "03.PeriodicTable\03.PeriodicTable.csproj", "{FF090F58-FDDB-4E9C-AEED-EEA1D935F65B}"
EndProject
Project("{FAE04EC0-301F-11D3-BF4B-00C04F79EFBC}") = "04.CountSymbols", "04.CountSymbols\04.CountSymbols.csproj", "{AB5F6569-335A-4376-A3C1-374E54FDB755}"
EndProject
Project("{FAE04EC0-301F-11D3-BF4B-00C04F79EFBC}") = "05.Phonebook", "05.Phonebook\05.Phonebook.csproj", "{137C476E-21B3-426C-BA2A-3FFB862EC519}"
EndProject
Project("{FAE04EC0-301F-11D3-BF4B-00C04F79EFBC}") = "06.MinerTask", "06.MinerTask\06.MinerTask.csproj", "{178DB38A-7E86-4A0E-B438-BDC08D2CF444}"
EndProject
Project("{FAE04EC0-301F-11D3-BF4B-00C04F79EFBC}") = "07.FixEmails", "07.FixEmails\07.FixEmails.csproj", "{B4287218-7EF1-42FB-8940-B90F129C65F0}"
EndProject
Project("{FAE04EC0-301F-11D3-BF4B-00C04F79EFBC}") = "08.HandsOfCards", "08.HandsOfCards\08.HandsOfCards.csproj", "{D7D4437B-7BF8-4C89-A4F6-E8C6717C0F3A}"
EndProject
Project("{FAE04EC0-301F-11D3-BF4B-00C04F79EFBC}") = "09.UserLogs", "09.UserLogs\09.UserLogs.csproj", "{70F922FF-E683-44AC-BC9C-3FB26112812C}"
EndProject
Project("{FAE04EC0-301F-11D3-BF4B-00C04F79EFBC}") = "10.PopulationCounter", "10.PopulationCounter\10.PopulationCounter.csproj", "{1FA60D17-0386-454E-B7C9-A661AFC224B7}"
EndProject
Project("{FAE04EC0-301F-11D3-BF4B-00C04F79EFBC}") = "11.LogsAggregator", "11.LogsAggregator\11.LogsAggregator.csproj", "{945F666D-39CD-4E9D-BE1F-A0B0F36E0EDC}"
EndProject
Project("{FAE04EC0-301F-11D3-BF4B-00C04F79EFBC}") = "12.LegendaryFarming", "12.LegendaryFarming\12.LegendaryFarming.csproj", "{8EC900D9-0F6F-4CE4-8C79-E9B6FFEA721A}"
EndProject
Project("{FAE04EC0-301F-11D3-BF4B-00C04F79EFBC}") = "13.Unleashed", "13.Unleashed\13.Unleashed.csproj", "{13FC44FC-F0A9-44AA-8FA8-C07E2E8CFDFA}"
EndProject
Project("{FAE04EC0-301F-11D3-BF4B-00C04F79EFBC}") = "14.DragonArmy", "14.DragonArmy\14.DragonArmy.csproj", "{ECB7FC23-1071-4D34-8595-5746C30946A2}"
EndProject
Project("{FAE04EC0-301F-11D3-BF4B-00C04F79EFBC}") = "17.LegoBlock", "17.LegoBlock\17.LegoBlock.csproj", "{2D109FE1-5E51-40BA-992A-39B2E5E9C09D}"
EndProject
Global
	GlobalSection(SolutionConfigurationPlatforms) = preSolution
		Debug|Any CPU = Debug|Any CPU
		Release|Any CPU = Release|Any CPU
	EndGlobalSection
	GlobalSection(ProjectConfigurationPlatforms) = postSolution
		{2A467136-66E5-4F54-BE95-8519EF2C2D37}.Debug|Any CPU.ActiveCfg = Debug|Any CPU
		{2A467136-66E5-4F54-BE95-8519EF2C2D37}.Debug|Any CPU.Build.0 = Debug|Any CPU
		{2A467136-66E5-4F54-BE95-8519EF2C2D37}.Release|Any CPU.ActiveCfg = Release|Any CPU
		{2A467136-66E5-4F54-BE95-8519EF2C2D37}.Release|Any CPU.Build.0 = Release|Any CPU
		{E0B4C1C5-12D3-4A94-A63D-1022072D5AE9}.Debug|Any CPU.ActiveCfg = Debug|Any CPU
		{E0B4C1C5-12D3-4A94-A63D-1022072D5AE9}.Debug|Any CPU.Build.0 = Debug|Any CPU
		{E0B4C1C5-12D3-4A94-A63D-1022072D5AE9}.Release|Any CPU.ActiveCfg = Release|Any CPU
		{E0B4C1C5-12D3-4A94-A63D-1022072D5AE9}.Release|Any CPU.Build.0 = Release|Any CPU
		{FF090F58-FDDB-4E9C-AEED-EEA1D935F65B}.Debug|Any CPU.ActiveCfg = Debug|Any CPU
		{FF090F58-FDDB-4E9C-AEED-EEA1D935F65B}.Debug|Any CPU.Build.0 = Debug|Any CPU
		{FF090F58-FDDB-4E9C-AEED-EEA1D935F65B}.Release|Any CPU.ActiveCfg = Release|Any CPU
		{FF090F58-FDDB-4E9C-AEED-EEA1D935F65B}.Release|Any CPU.Build.0 = Release|Any CPU
		{AB5F6569-335A-4376-A3C1-374E54FDB755}.Debug|Any CPU.ActiveCfg = Debug|Any CPU
		{AB5F6569-335A-4376-A3C1-374E54FDB755}.Debug|Any CPU.Build.0 = Debug|Any CPU
		{AB5F6569-335A-4376-A3C1-374E54FDB755}.Release|Any CPU.ActiveCfg = Release|Any CPU
		{AB5F6569-335A-4376-A3C1-374E54FDB755}.Release|Any CPU.Build.0 = Release|Any CPU
		{137C476E-21B3-426C-BA2A-3FFB862EC519}.Debug|Any CPU.ActiveCfg = Debug|Any CPU
		{137C476E-21B3-426C-BA2A-3FFB862EC519}.Debug|Any CPU.Build.0 = Debug|Any CPU
		{137C476E-21B3-426C-BA2A-3FFB862EC519}.Release|Any CPU.ActiveCfg = Release|Any CPU
		{137C476E-21B3-426C-BA2A-3FFB862EC519}.Release|Any CPU.Build.0 = Release|Any CPU
		{178DB38A-7E86-4A0E-B438-BDC08D2CF444}.Debug|Any CPU.ActiveCfg = Debug|Any CPU
		{178DB38A-7E86-4A0E-B438-BDC08D2CF444}.Debug|Any CPU.Build.0 = Debug|Any CPU
		{178DB38A-7E86-4A0E-B438-BDC08D2CF444}.Release|Any CPU.ActiveCfg = Release|Any CPU
		{178DB38A-7E86-4A0E-B438-BDC08D2CF444}.Release|Any CPU.Build.0 = Release|Any CPU
		{B4287218-7EF1-42FB-8940-B90F129C65F0}.Debug|Any CPU.ActiveCfg = Debug|Any CPU
		{B4287218-7EF1-42FB-8940-B90F129C65F0}.Debug|Any CPU.Build.0 = Debug|Any CPU
		{B4287218-7EF1-42FB-8940-B90F129C65F0}.Release|Any CPU.ActiveCfg = Release|Any CPU
		{B4287218-7EF1-42FB-8940-B90F129C65F0}.Release|Any CPU.Build.0 = Release|Any CPU
		{D7D4437B-7BF8-4C89-A4F6-E8C6717C0F3A}.Debug|Any CPU.ActiveCfg = Debug|Any CPU
		{D7D4437B-7BF8-4C89-A4F6-E8C6717C0F3A}.Debug|Any CPU.Build.0 = Debug|Any CPU
		{D7D4437B-7BF8-4C89-A4F6-E8C6717C0F3A}.Release|Any CPU.ActiveCfg = Release|Any CPU
		{D7D4437B-7BF8-4C89-A4F6-E8C6717C0F3A}.Release|Any CPU.Build.0 = Release|Any CPU
		{70F922FF-E683-44AC-BC9C-3FB26112812C}.Debug|Any CPU.ActiveCfg = Debug|Any CPU
		{70F922FF-E683-44AC-BC9C-3FB26112812C}.Debug|Any CPU.Build.0 = Debug|Any CPU
		{70F922FF-E683-44AC-BC9C-3FB26112812C}.Release|Any CPU.ActiveCfg = Release|Any CPU
		{70F922FF-E683-44AC-BC9C-3FB26112812C}.Release|Any CPU.Build.0 = Release|Any CPU
		{1FA60D17-0386-454E-B7C9-A661AFC224B7}.Debug|Any CPU.ActiveCfg = Debug|Any CPU
		{1FA60D17-0386-454E-B7C9-A661AFC224B7}.Debug|Any CPU.Build.0 = Debug|Any CPU
		{1FA60D17-0386-454E-B7C9-A661AFC224B7}.Release|Any CPU.ActiveCfg = Release|Any CPU
		{1FA60D17-0386-454E-B7C9-A661AFC224B7}.Release|Any CPU.Build.0 = Release|Any CPU
		{945F666D-39CD-4E9D-BE1F-A0B0F36E0EDC}.Debug|Any CPU.ActiveCfg = Debug|Any CPU
		{945F666D-39CD-4E9D-BE1F-A0B0F36E0EDC}.Debug|Any CPU.Build.0 = Debug|Any CPU
		{945F666D-39CD-4E9D-BE1F-A0B0F36E0EDC}.Release|Any CPU.ActiveCfg = Release|Any CPU
		{945F666D-39CD-4E9D-BE1F-A0B0F36E0EDC}.Release|Any CPU.Build.0 = Release|Any CPU
		{8EC900D9-0F6F-4CE4-8C79-E9B6FFEA721A}.Debug|Any CPU.ActiveCfg = Debug|Any CPU
		{8EC900D9-0F6F-4CE4-8C79-E9B6FFEA721A}.Debug|Any CPU.Build.0 = Debug|Any CPU
		{8EC900D9-0F6F-4CE4-8C79-E9B6FFEA721A}.Release|Any CPU.ActiveCfg = Release|Any CPU
		{8EC900D9-0F6F-4CE4-8C79-E9B6FFEA721A}.Release|Any CPU.Build.0 = Release|Any CPU
		{13FC44FC-F0A9-44AA-8FA8-C07E2E8CFDFA}.Debug|Any CPU.ActiveCfg = Debug|Any CPU
		{13FC44FC-F0A9-44AA-8FA8-C07E2E8CFDFA}.Debug|Any CPU.Build.0 = Debug|Any CPU
		{13FC44FC-F0A9-44AA-8FA8-C07E2E8CFDFA}.Release|Any CPU.ActiveCfg = Release|Any CPU
		{13FC44FC-F0A9-44AA-8FA8-C07E2E8CFDFA}.Release|Any CPU.Build.0 = Release|Any CPU
		{ECB7FC23-1071-4D34-8595-5746C30946A2}.Debug|Any CPU.ActiveCfg = Debug|Any CPU
		{ECB7FC23-1071-4D34-8595-5746C30946A2}.Debug|Any CPU.Build.0 = Debug|Any CPU
		{ECB7FC23-1071-4D34-8595-5746C30946A2}.Release|Any CPU.ActiveCfg = Release|Any CPU
		{ECB7FC23-1071-4D34-8595-5746C30946A2}.Release|Any CPU.Build.0 = Release|Any CPU
		{2D109FE1-5E51-40BA-992A-39B2E5E9C09D}.Debug|Any CPU.ActiveCfg = Debug|Any CPU
		{2D109FE1-5E51-40BA-992A-39B2E5E9C09D}.Debug|Any CPU.Build.0 = Debug|Any CPU
		{2D109FE1-5E51-40BA-992A-39B2E5E9C09D}.Release|Any CPU.ActiveCfg = Release|Any CPU
		{2D109FE1-5E51-40BA-992A-39B2E5E9C09D}.Release|Any CPU.Build.0 = Release|Any CPU
	EndGlobalSection
	GlobalSection(SolutionProperties) = preSolution
		HideSolutionNode = FALSE
	EndGlobalSection
EndGlobal
